Microsoft Visual Studio Solution File, Format Version 12.00
# Visual Studio Version 17
VisualStudioVersion = 17.13.35828.75
MinimumVisualStudioVersion = 10.0.40219.1
Project("{FAE04EC0-301F-11D3-BF4B-00C04F79EFBC}") = "TableToModel", "TableToModel.csproj", "{F67E6C0E-317F-48C3-B963-CB8CEFAB906F}"
EndProject
Global
	GlobalSection(SolutionConfigurationPlatforms) = preSolution
		Debug|Any CPU = Debug|Any CPU
		Release|Any CPU = Release|Any CPU
	EndGlobalSection
	GlobalSection(ProjectConfigurationPlatforms) = postSolution
		{F67E6C0E-317F-48C3-B963-CB8CEFAB906F}.Debug|Any CPU.ActiveCfg = Debug|Any CPU
		{F67E6C0E-317F-48C3-B963-CB8CEFAB906F}.Debug|Any CPU.Build.0 = Debug|Any CPU
		{F67E6C0E-317F-48C3-B963-CB8CEFAB906F}.Release|Any CPU.ActiveCfg = Release|Any CPU
		{F67E6C0E-317F-48C3-B963-CB8CEFAB906F}.Release|Any CPU.Build.0 = Release|Any CPU
	EndGlobalSection
	GlobalSection(SolutionProperties) = preSolution
		HideSolutionNode = FALSE
	EndGlobalSection
	GlobalSection(ExtensibilityGlobals) = postSolution
		SolutionGuid = {E5A26F53-8E2F-46B8-8EA8-E9343E6F8E0E}
	EndGlobalSection
EndGlobal
